
Microsoft Visual Studio Solution File, Format Version 12.00
# Visual Studio 15
Project("{FAE04EC0-301F-11D3-BF4B-00C04F79EFBC}") = "Assembly-CSharp", "Assembly-CSharp.csproj", "{BFE19798-A86E-CE60-F7B4-DACCC471BFBD}"
EndProject
Project("{FAE04EC0-301F-11D3-BF4B-00C04F79EFBC}") = "sc.posteffects.runtime", "sc.posteffects.runtime.csproj", "{95231DFE-7546-8575-B9FF-DA1374572052}"
EndProject
Project("{FAE04EC0-301F-11D3-BF4B-00C04F79EFBC}") = "sc.posteffects.editor", "sc.posteffects.editor.csproj", "{B3B7807C-DF37-2B88-4607-144103CE5744}"
EndProject
Project("{FAE04EC0-301F-11D3-BF4B-00C04F79EFBC}") = "Assembly-CSharp-Editor", "Assembly-CSharp-Editor.csproj", "{97E0C598-9E45-4736-423A-57376322169F}"
EndProject
Global
	GlobalSection(SolutionConfigurationPlatforms) = preSolution
		Debug|Any CPU = Debug|Any CPU
		Release|Any CPU = Release|Any CPU
	EndGlobalSection
	GlobalSection(ProjectConfigurationPlatforms) = postSolution
		{BFE19798-A86E-CE60-F7B4-DACCC471BFBD}.Debug|Any CPU.ActiveCfg = Debug|Any CPU
		{BFE19798-A86E-CE60-F7B4-DACCC471BFBD}.Debug|Any CPU.Build.0 = Debug|Any CPU
		{BFE19798-A86E-CE60-F7B4-DACCC471BFBD}.Release|Any CPU.ActiveCfg = Release|Any CPU
		{BFE19798-A86E-CE60-F7B4-DACCC471BFBD}.Release|Any CPU.Build.0 = Release|Any CPU
		{95231DFE-7546-8575-B9FF-DA1374572052}.Debug|Any CPU.ActiveCfg = Debug|Any CPU
		{95231DFE-7546-8575-B9FF-DA1374572052}.Debug|Any CPU.Build.0 = Debug|Any CPU
		{95231DFE-7546-8575-B9FF-DA1374572052}.Release|Any CPU.ActiveCfg = Release|Any CPU
		{95231DFE-7546-8575-B9FF-DA1374572052}.Release|Any CPU.Build.0 = Release|Any CPU
		{B3B7807C-DF37-2B88-4607-144103CE5744}.Debug|Any CPU.ActiveCfg = Debug|Any CPU
		{B3B7807C-DF37-2B88-4607-144103CE5744}.Debug|Any CPU.Build.0 = Debug|Any CPU
		{B3B7807C-DF37-2B88-4607-144103CE5744}.Release|Any CPU.ActiveCfg = Release|Any CPU
		{B3B7807C-DF37-2B88-4607-144103CE5744}.Release|Any CPU.Build.0 = Release|Any CPU
		{97E0C598-9E45-4736-423A-57376322169F}.Debug|Any CPU.ActiveCfg = Debug|Any CPU
		{97E0C598-9E45-4736-423A-57376322169F}.Debug|Any CPU.Build.0 = Debug|Any CPU
		{97E0C598-9E45-4736-423A-57376322169F}.Release|Any CPU.ActiveCfg = Release|Any CPU
		{97E0C598-9E45-4736-423A-57376322169F}.Release|Any CPU.Build.0 = Release|Any CPU
	EndGlobalSection
	GlobalSection(SolutionProperties) = preSolution
		HideSolutionNode = FALSE
	EndGlobalSection
EndGlobal
